// !$*UTF8*$!
{
	archiveVersion = 1;
	classes = {
	};
	objectVersion = 56;
	objects = {

/* Begin PBXBuildFile section */
		04C12DB22DD6DD1300A0E0AC /* AppDelegate.swift in Sources */ = {isa = PBXBuildFile; fileRef = 04C12DB12DD6DD1300A0E0AC /* AppDelegate.swift */; };
		04C12DB42DD6DD1300A0E0AC /* SceneDelegate.swift in Sources */ = {isa = PBXBuildFile; fileRef = 04C12DB32DD6DD1300A0E0AC /* SceneDelegate.swift */; };
		04C12DB62DD6DD1300A0E0AC /* ViewController.swift in Sources */ = {isa = PBXBuildFile; fileRef = 04C12DB52DD6DD1300A0E0AC /* ViewController.swift */; };
		04C12DB92DD6DD1300A0E0AC /* Main.storyboard in Resources */ = {isa = PBXBuildFile; fileRef = 04C12DB72DD6DD1300A0E0AC /* Main.storyboard */; };
		04C12DBC2DD6DD1300A0E0AC /* Test.xcdatamodeld in Sources */ = {isa = PBXBuildFile; fileRef = 04C12DBA2DD6DD1300A0E0AC /* Test.xcdatamodeld */; };
		04C12DBE2DD6DD1500A0E0AC /* Assets.xcassets in Resources */ = {isa = PBXBuildFile; fileRef = 04C12DBD2DD6DD1500A0E0AC /* Assets.xcassets */; };
		04C12DC12DD6DD1500A0E0AC /* LaunchScreen.storyboard in Resources */ = {isa = PBXBuildFile; fileRef = 04C12DBF2DD6DD1500A0E0AC /* LaunchScreen.storyboard */; };
		04C12DCC2DD6DD1600A0E0AC /* TestTests.swift in Sources */ = {isa = PBXBuildFile; fileRef = 04C12DCB2DD6DD1600A0E0AC /* TestTests.swift */; };
		04C12DD62DD6DD1600A0E0AC /* TestUITests.swift in Sources */ = {isa = PBXBuildFile; fileRef = 04C12DD52DD6DD1600A0E0AC /* TestUITests.swift */; };
		04C12DD82DD6DD1600A0E0AC /* TestUITestsLaunchTests.swift in Sources */ = {isa = PBXBuildFile; fileRef = 04C12DD72DD6DD1600A0E0AC /* TestUITestsLaunchTests.swift */; };
/* End PBXBuildFile section */

/* Begin PBXContainerItemProxy section */
		04C12DC82DD6DD1600A0E0AC /* PBXContainerItemProxy */ = {
			isa = PBXContainerItemProxy;
			containerPortal = 04C12DA62DD6DD1300A0E0AC /* Project object */;
			proxyType = 1;
			remoteGlobalIDString = 04C12DAD2DD6DD1300A0E0AC;
			remoteInfo = Test;
		};
		04C12DD22DD6DD1600A0E0AC /* PBXContainerItemProxy */ = {
			isa = PBXContainerItemProxy;
			containerPortal = 04C12DA62DD6DD1300A0E0AC /* Project object */;
			proxyType = 1;
			remoteGlobalIDString = 04C12DAD2DD6DD1300A0E0AC;
			remoteInfo = Test;
		};
/* End PBXContainerItemProxy section */

/* Begin PBXFileReference section */
		04C12DAE2DD6DD1300A0E0AC /* Test.app */ = {isa = PBXFileReference; explicitFileType = wrapper.application; includeInIndex = 0; path = Test.app; sourceTree = BUILT_PRODUCTS_DIR; };
		04C12DB12DD6DD1300A0E0AC /* AppDelegate.swift */ = {isa = PBXFileReference; lastKnownFileType = sourcecode.swift; path = AppDelegate.swift; sourceTree = "<group>"; };
		04C12DB32DD6DD1300A0E0AC /* SceneDelegate.swift */ = {isa = PBXFileReference; lastKnownFileType = sourcecode.swift; path = SceneDelegate.swift; sourceTree = "<group>"; };
		04C12DB52DD6DD1300A0E0AC /* ViewController.swift */ = {isa = PBXFileReference; lastKnownFileType = sourcecode.swift; path = ViewController.swift; sourceTree = "<group>"; };
		04C12DB82DD6DD1300A0E0AC /* Base */ = {isa = PBXFileReference; lastKnownFileType = file.storyboard; name = Base; path = Base.lproj/Main.storyboard; sourceTree = "<group>"; };
		04C12DBB2DD6DD1300A0E0AC /* Test.xcdatamodel */ = {isa = PBXFileReference; lastKnownFileType = wrapper.xcdatamodel; path = Test.xcdatamodel; sourceTree = "<group>"; };
		04C12DBD2DD6DD1500A0E0AC /* Assets.xcassets */ = {isa = PBXFileReference; lastKnownFileType = folder.assetcatalog; path = Assets.xcassets; sourceTree = "<group>"; };
		04C12DC02DD6DD1500A0E0AC /* Base */ = {isa = PBXFileReference; lastKnownFileType = file.storyboard; name = Base; path = Base.lproj/LaunchScreen.storyboard; sourceTree = "<group>"; };
		04C12DC22DD6DD1500A0E0AC /* Info.plist */ = {isa = PBXFileReference; lastKnownFileType = text.plist.xml; path = Info.plist; sourceTree = "<group>"; };
		04C12DC72DD6DD1600A0E0AC /* TestTests.xctest */ = {isa = PBXFileReference; explicitFileType = wrapper.cfbundle; includeInIndex = 0; path = TestTests.xctest; sourceTree = BUILT_PRODUCTS_DIR; };
		04C12DCB2DD6DD1600A0E0AC /* TestTests.swift */ = {isa = PBXFileReference; lastKnownFileType = sourcecode.swift; path = TestTests.swift; sourceTree = "<group>"; };
		04C12DD12DD6DD1600A0E0AC /* TestUITests.xctest */ = {isa = PBXFileReference; explicitFileType = wrapper.cfbundle; includeInIndex = 0; path = TestUITests.xctest; sourceTree = BUILT_PRODUCTS_DIR; };
		04C12DD52DD6DD1600A0E0AC /* TestUITests.swift */ = {isa = PBXFileReference; lastKnownFileType = sourcecode.swift; path = TestUITests.swift; sourceTree = "<group>"; };
		04C12DD72DD6DD1600A0E0AC /* TestUITestsLaunchTests.swift */ = {isa = PBXFileReference; lastKnownFileType = sourcecode.swift; path = TestUITestsLaunchTests.swift; sourceTree = "<group>"; };
/* End PBXFileReference section */

/* Begin PBXFrameworksBuildPhase section */
		04C12DAB2DD6DD1300A0E0AC /* Frameworks */ = {
			isa = PBXFrameworksBuildPhase;
			buildActionMask = 2147483647;
			files = (
			);
			runOnlyForDeploymentPostprocessing = 0;
		};
		04C12DC42DD6DD1600A0E0AC /* Frameworks */ = {
			isa = PBXFrameworksBuildPhase;
			buildActionMask = 2147483647;
			files = (
			);
			runOnlyForDeploymentPostprocessing = 0;
		};
		04C12DCE2DD6DD1600A0E0AC /* Frameworks */ = {
			isa = PBXFrameworksBuildPhase;
			buildActionMask = 2147483647;
			files = (
			);
			runOnlyForDeploymentPostprocessing = 0;
		};
/* End PBXFrameworksBuildPhase section */

/* Begin PBXGroup section */
		04C12DA52DD6DD1300A0E0AC = {
			isa = PBXGroup;
			children = (
				04C12DB02DD6DD1300A0E0AC /* Test */,
				04C12DCA2DD6DD1600A0E0AC /* TestTests */,
				04C12DD42DD6DD1600A0E0AC /* TestUITests */,
				04C12DAF2DD6DD1300A0E0AC /* Products */,
			);
			sourceTree = "<group>";
		};
		04C12DAF2DD6DD1300A0E0AC /* Products */ = {
			isa = PBXGroup;
			children = (
				04C12DAE2DD6DD1300A0E0AC /* Test.app */,
				04C12DC72DD6DD1600A0E0AC /* TestTests.xctest */,
				04C12DD12DD6DD1600A0E0AC /* TestUITests.xctest */,
			);
			name = Products;
			sourceTree = "<group>";
		};
		04C12DB02DD6DD1300A0E0AC /* Test */ = {
			isa = PBXGroup;
			children = (
				04C12DB12DD6DD1300A0E0AC /* AppDelegate.swift */,
				04C12DB32DD6DD1300A0E0AC /* SceneDelegate.swift */,
				04C12DB52DD6DD1300A0E0AC /* ViewController.swift */,
				04C12DB72DD6DD1300A0E0AC /* Main.storyboard */,
				04C12DBD2DD6DD1500A0E0AC /* Assets.xcassets */,
				04C12DBF2DD6DD1500A0E0AC /* LaunchScreen.storyboard */,
				04C12DC22DD6DD1500A0E0AC /* Info.plist */,
				04C12DBA2DD6DD1300A0E0AC /* Test.xcdatamodeld */,
			);
			path = Test;
			sourceTree = "<group>";
		};
		04C12DCA2DD6DD1600A0E0AC /* TestTests */ = {
			isa = PBXGroup;
			children = (
				04C12DCB2DD6DD1600A0E0AC /* TestTests.swift */,
			);
			path = TestTests;
			sourceTree = "<group>";
		};
		04C12DD42DD6DD1600A0E0AC /* TestUITests */ = {
			isa = PBXGroup;
			children = (
				04C12DD52DD6DD1600A0E0AC /* TestUITests.swift */,
				04C12DD72DD6DD1600A0E0AC /* TestUITestsLaunchTests.swift */,
			);
			path = TestUITests;
			sourceTree = "<group>";
		};
/* End PBXGroup section */

/* Begin PBXNativeTarget section */
		04C12DAD2DD6DD1300A0E0AC /* Test */ = {
			isa = PBXNativeTarget;
			buildConfigurationList = 04C12DDB2DD6DD1600A0E0AC /* Build configuration list for PBXNativeTarget "Test" */;
			buildPhases = (
				04C12DAA2DD6DD1300A0E0AC /* Sources */,
				04C12DAB2DD6DD1300A0E0AC /* Frameworks */,
				04C12DAC2DD6DD1300A0E0AC /* Resources */,
			);
			buildRules = (
			);
			dependencies = (
			);
			name = Test;
			productName = Test;
			productReference = 04C12DAE2DD6DD1300A0E0AC /* Test.app */;
			productType = "com.apple.product-type.application";
		};
		04C12DC62DD6DD1600A0E0AC /* TestTests */ = {
			isa = PBXNativeTarget;
			buildConfigurationList = 04C12DDE2DD6DD1600A0E0AC /* Build configuration list for PBXNativeTarget "TestTests" */;
			buildPhases = (
				04C12DC32DD6DD1600A0E0AC /* Sources */,
				04C12DC42DD6DD1600A0E0AC /* Frameworks */,
				04C12DC52DD6DD1600A0E0AC /* Resources */,
			);
			buildRules = (
			);
			dependencies = (
				04C12DC92DD6DD1600A0E0AC /* PBXTargetDependency */,
			);
			name = TestTests;
			productName = TestTests;
			productReference = 04C12DC72DD6DD1600A0E0AC /* TestTests.xctest */;
			productType = "com.apple.product-type.bundle.unit-test";
		};
		04C12DD02DD6DD1600A0E0AC /* TestUITests */ = {
			isa = PBXNativeTarget;
			buildConfigurationList = 04C12DE12DD6DD1600A0E0AC /* Build configuration list for PBXNativeTarget "TestUITests" */;
			buildPhases = (
				04C12DCD2DD6DD1600A0E0AC /* Sources */,
				04C12DCE2DD6DD1600A0E0AC /* Frameworks */,
				04C12DCF2DD6DD1600A0E0AC /* Resources */,
			);
			buildRules = (
			);
			dependencies = (
				04C12DD32DD6DD1600A0E0AC /* PBXTargetDependency */,
			);
			name = TestUITests;
			productName = TestUITests;
			productReference = 04C12DD12DD6DD1600A0E0AC /* TestUITests.xctest */;
			productType = "com.apple.product-type.bundle.ui-testing";
		};
/* End PBXNativeTarget section */

/* Begin PBXProject section */
		04C12DA62DD6DD1300A0E0AC /* Project object */ = {
			isa = PBXProject;
			attributes = {
				BuildIndependentTargetsInParallel = 1;
				LastSwiftUpdateCheck = 1410;
				LastUpgradeCheck = 1410;
				TargetAttributes = {
					04C12DAD2DD6DD1300A0E0AC = {
						CreatedOnToolsVersion = 14.1;
					};
					04C12DC62DD6DD1600A0E0AC = {
						CreatedOnToolsVersion = 14.1;
						TestTargetID = 04C12DAD2DD6DD1300A0E0AC;
					};
					04C12DD02DD6DD1600A0E0AC = {
						CreatedOnToolsVersion = 14.1;
						TestTargetID = 04C12DAD2DD6DD1300A0E0AC;
					};
				};
			};
			buildConfigurationList = 04C12DA92DD6DD1300A0E0AC /* Build configuration list for PBXProject "Test" */;
			compatibilityVersion = "Xcode 14.0";
			developmentRegion = en;
			hasScannedForEncodings = 0;
			knownRegions = (
				en,
				Base,
			);
			mainGroup = 04C12DA52DD6DD1300A0E0AC;
			productRefGroup = 04C12DAF2DD6DD1300A0E0AC /* Products */;
			projectDirPath = "";
			projectRoot = "";
			targets = (
				04C12DAD2DD6DD1300A0E0AC /* Test */,
				04C12DC62DD6DD1600A0E0AC /* TestTests */,
				04C12DD02DD6DD1600A0E0AC /* TestUITests */,
			);
		};
/* End PBXProject section */

/* Begin PBXResourcesBuildPhase section */
		04C12DAC2DD6DD1300A0E0AC /* Resources */ = {
			isa = PBXResourcesBuildPhase;
			buildActionMask = 2147483647;
			files = (
				04C12DC12DD6DD1500A0E0AC /* LaunchScreen.storyboard in Resources */,
				04C12DBE2DD6DD1500A0E0AC /* Assets.xcassets in Resources */,
				04C12DB92DD6DD1300A0E0AC /* Main.storyboard in Resources */,
			);
			runOnlyForDeploymentPostprocessing = 0;
		};
		04C12DC52DD6DD1600A0E0AC /* Resources */ = {
			isa = PBXResourcesBuildPhase;
			buildActionMask = 2147483647;
			files = (
			);
			runOnlyForDeploymentPostprocessing = 0;
		};
		04C12DCF2DD6DD1600A0E0AC /* Resources */ = {
			isa = PBXResourcesBuildPhase;
			buildActionMask = 2147483647;
			files = (
			);
			runOnlyForDeploymentPostprocessing = 0;
		};
/* End PBXResourcesBuildPhase section */

/* Begin PBXSourcesBuildPhase section */
		04C12DAA2DD6DD1300A0E0AC /* Sources */ = {
			isa = PBXSourcesBuildPhase;
			buildActionMask = 2147483647;
			files = (
				04C12DB62DD6DD1300A0E0AC /* ViewController.swift in Sources */,
				04C12DBC2DD6DD1300A0E0AC /* Test.xcdatamodeld in Sources */,
				04C12DB22DD6DD1300A0E0AC /* AppDelegate.swift in Sources */,
				04C12DB42DD6DD1300A0E0AC /* SceneDelegate.swift in Sources */,
			);
			runOnlyForDeploymentPostprocessing = 0;
		};
		04C12DC32DD6DD1600A0E0AC /* Sources */ = {
			isa = PBXSourcesBuildPhase;
			buildActionMask = 2147483647;
			files = (
				04C12DCC2DD6DD1600A0E0AC /* TestTests.swift in Sources */,
			);
			runOnlyForDeploymentPostprocessing = 0;
		};
		04C12DCD2DD6DD1600A0E0AC /* Sources */ = {
			isa = PBXSourcesBuildPhase;
			buildActionMask = 2147483647;
			files = (
				04C12DD82DD6DD1600A0E0AC /* TestUITestsLaunchTests.swift in Sources */,
				04C12DD62DD6DD1600A0E0AC /* TestUITests.swift in Sources */,
			);
			runOnlyForDeploymentPostprocessing = 0;
		};
/* End PBXSourcesBuildPhase section */

/* Begin PBXTargetDependency section */
		04C12DC92DD6DD1600A0E0AC /* PBXTargetDependency */ = {
			isa = PBXTargetDependency;
			target = 04C12DAD2DD6DD1300A0E0AC /* Test */;
			targetProxy = 04C12DC82DD6DD1600A0E0AC /* PBXContainerItemProxy */;
		};
		04C12DD32DD6DD1600A0E0AC /* PBXTargetDependency */ = {
			isa = PBXTargetDependency;
			target = 04C12DAD2DD6DD1300A0E0AC /* Test */;
			targetProxy = 04C12DD22DD6DD1600A0E0AC /* PBXContainerItemProxy */;
		};
/* End PBXTargetDependency section */

/* Begin PBXVariantGroup section */
		04C12DB72DD6DD1300A0E0AC /* Main.storyboard */ = {
			isa = PBXVariantGroup;
			children = (
				04C12DB82DD6DD1300A0E0AC /* Base */,
			);
			name = Main.storyboard;
			sourceTree = "<group>";
		};
		04C12DBF2DD6DD1500A0E0AC /* LaunchScreen.storyboard */ = {
			isa = PBXVariantGroup;
			children = (
				04C12DC02DD6DD1500A0E0AC /* Base */,
			);
			name = LaunchScreen.storyboard;
			sourceTree = "<group>";
		};
/* End PBXVariantGroup section */

/* Begin XCBuildConfiguration section */
		04C12DD92DD6DD1600A0E0AC /* Debug */ = {
			isa = XCBuildConfiguration;
			buildSettings = {
				ALWAYS_SEARCH_USER_PATHS = NO;
				CLANG_ANALYZER_NONNULL = YES;
				CLANG_ANALYZER_NUMBER_OBJECT_CONVERSION = YES_AGGRESSIVE;
				CLANG_CXX_LANGUAGE_STANDARD = "gnu++20";
				CLANG_ENABLE_MODULES = YES;
				CLANG_ENABLE_OBJC_ARC = YES;
				CLANG_ENABLE_OBJC_WEAK = YES;
				CLANG_WARN_BLOCK_CAPTURE_AUTORELEASING = YES;
				CLANG_WARN_BOOL_CONVERSION = YES;
				CLANG_WARN_COMMA = YES;
				CLANG_WARN_CONSTANT_CONVERSION = YES;
				CLANG_WARN_DEPRECATED_OBJC_IMPLEMENTATIONS = YES;
				CLANG_WARN_DIRECT_OBJC_ISA_USAGE = YES_ERROR;
				CLANG_WARN_DOCUMENTATION_COMMENTS = YES;
				CLANG_WARN_EMPTY_BODY = YES;
				CLANG_WARN_ENUM_CONVERSION = YES;
				CLANG_WARN_INFINITE_RECURSION = YES;
				CLANG_WARN_INT_CONVERSION = YES;
				CLANG_WARN_NON_LITERAL_NULL_CONVERSION = YES;
				CLANG_WARN_OBJC_IMPLICIT_RETAIN_SELF = YES;
				CLANG_WARN_OBJC_LITERAL_CONVERSION = YES;
				CLANG_WARN_OBJC_ROOT_CLASS = YES_ERROR;
				CLANG_WARN_QUOTED_INCLUDE_IN_FRAMEWORK_HEADER = YES;
				CLANG_WARN_RANGE_LOOP_ANALYSIS = YES;
				CLANG_WARN_STRICT_PROTOTYPES = YES;
				CLANG_WARN_SUSPICIOUS_MOVE = YES;
				CLANG_WARN_UNGUARDED_AVAILABILITY = YES_AGGRESSIVE;
				CLANG_WARN_UNREACHABLE_CODE = YES;
				CLANG_WARN__DUPLICATE_METHOD_MATCH = YES;
				COPY_PHASE_STRIP = NO;
				DEBUG_INFORMATION_FORMAT = dwarf;
				ENABLE_STRICT_OBJC_MSGSEND = YES;
				ENABLE_TESTABILITY = YES;
				GCC_C_LANGUAGE_STANDARD = gnu11;
				GCC_DYNAMIC_NO_PIC = NO;
				GCC_NO_COMMON_BLOCKS = YES;
				GCC_OPTIMIZATION_LEVEL = 0;
				GCC_PREPROCESSOR_DEFINITIONS = (
					"DEBUG=1",
					"$(inherited)",
				);
				GCC_WARN_64_TO_32_BIT_CONVERSION = YES;
				GCC_WARN_ABOUT_RETURN_TYPE = YES_ERROR;
				GCC_WARN_UNDECLARED_SELECTOR = YES;
				GCC_WARN_UNINITIALIZED_AUTOS = YES_AGGRESSIVE;
				GCC_WARN_UNUSED_FUNCTION = YES;
				GCC_WARN_UNUSED_VARIABLE = YES;
				IPHONEOS_DEPLOYMENT_TARGET = 16.1;
				MTL_ENABLE_DEBUG_INFO = INCLUDE_SOURCE;
				MTL_FAST_MATH = YES;
				ONLY_ACTIVE_ARCH = YES;
				SDKROOT = iphoneos;
				SWIFT_ACTIVE_COMPILATION_CONDITIONS = DEBUG;
				SWIFT_OPTIMIZATION_LEVEL = "-Onone";
			};
			name = Debug;
		};
		04C12DDA2DD6DD1600A0E0AC /* Release */ = {
			isa = XCBuildConfiguration;
			buildSettings = {
				ALWAYS_SEARCH_USER_PATHS = NO;
				CLANG_ANALYZER_NONNULL = YES;
				CLANG_ANALYZER_NUMBER_OBJECT_CONVERSION = YES_AGGRESSIVE;
				CLANG_CXX_LANGUAGE_STANDARD = "gnu++20";
				CLANG_ENABLE_MODULES = YES;
				CLANG_ENABLE_OBJC_ARC = YES;
				CLANG_ENABLE_OBJC_WEAK = YES;
				CLANG_WARN_BLOCK_CAPTURE_AUTORELEASING = YES;
				CLANG_WARN_BOOL_CONVERSION = YES;
				CLANG_WARN_COMMA = YES;
				CLANG_WARN_CONSTANT_CONVERSION = YES;
				CLANG_WARN_DEPRECATED_OBJC_IMPLEMENTATIONS = YES;
				CLANG_WARN_DIRECT_OBJC_ISA_USAGE = YES_ERROR;
				CLANG_WARN_DOCUMENTATION_COMMENTS = YES;
				CLANG_WARN_EMPTY_BODY = YES;
				CLANG_WARN_ENUM_CONVERSION = YES;
				CLANG_WARN_INFINITE_RECURSION = YES;
				CLANG_WARN_INT_CONVERSION = YES;
				CLANG_WARN_NON_LITERAL_NULL_CONVERSION = YES;
				CLANG_WARN_OBJC_IMPLICIT_RETAIN_SELF = YES;
				CLANG_WARN_OBJC_LITERAL_CONVERSION = YES;
				CLANG_WARN_OBJC_ROOT_CLASS = YES_ERROR;
				CLANG_WARN_QUOTED_INCLUDE_IN_FRAMEWORK_HEADER = YES;
				CLANG_WARN_RANGE_LOOP_ANALYSIS = YES;
				CLANG_WARN_STRICT_PROTOTYPES = YES;
				CLANG_WARN_SUSPICIOUS_MOVE = YES;
				CLANG_WARN_UNGUARDED_AVAILABILITY = YES_AGGRESSIVE;
				CLANG_WARN_UNREACHABLE_CODE = YES;
				CLANG_WARN__DUPLICATE_METHOD_MATCH = YES;
				COPY_PHASE_STRIP = NO;
				DEBUG_INFORMATION_FORMAT = "dwarf-with-dsym";
				ENABLE_NS_ASSERTIONS = NO;
				ENABLE_STRICT_OBJC_MSGSEND = YES;
				GCC_C_LANGUAGE_STANDARD = gnu11;
				GCC_NO_COMMON_BLOCKS = YES;
				GCC_WARN_64_TO_32_BIT_CONVERSION = YES;
				GCC_WARN_ABOUT_RETURN_TYPE = YES_ERROR;
				GCC_WARN_UNDECLARED_SELECTOR = YES;
				GCC_WARN_UNINITIALIZED_AUTOS = YES_AGGRESSIVE;
				GCC_WARN_UNUSED_FUNCTION = YES;
				GCC_WARN_UNUSED_VARIABLE = YES;
				IPHONEOS_DEPLOYMENT_TARGET = 16.1;
				MTL_ENABLE_DEBUG_INFO = NO;
				MTL_FAST_MATH = YES;
				SDKROOT = iphoneos;
				SWIFT_COMPILATION_MODE = wholemodule;
				SWIFT_OPTIMIZATION_LEVEL = "-O";
				VALIDATE_PRODUCT = YES;
			};
			name = Release;
		};
		04C12DDC2DD6DD1600A0E0AC /* Debug */ = {
			isa = XCBuildConfiguration;
			buildSettings = {
				ASSETCATALOG_COMPILER_APPICON_NAME = AppIcon;
				ASSETCATALOG_COMPILER_GLOBAL_ACCENT_COLOR_NAME = AccentColor;
				CODE_SIGN_STYLE = Automatic;
				CURRENT_PROJECT_VERSION = 1;
				GENERATE_INFOPLIST_FILE = YES;
				INFOPLIST_FILE = Test/Info.plist;
				INFOPLIST_KEY_UIApplicationSupportsIndirectInputEvents = YES;
				INFOPLIST_KEY_UILaunchStoryboardName = LaunchScreen;
				INFOPLIST_KEY_UIMainStoryboardFile = Main;
				INFOPLIST_KEY_UISupportedInterfaceOrientations_iPad = "UIInterfaceOrientationPortrait UIInterfaceOrientationPortraitUpsideDown UIInterfaceOrientationLandscapeLeft UIInterfaceOrientationLandscapeRight";
				INFOPLIST_KEY_UISupportedInterfaceOrientations_iPhone = "UIInterfaceOrientationPortrait UIInterfaceOrientationLandscapeLeft UIInterfaceOrientationLandscapeRight";
				LD_RUNPATH_SEARCH_PATHS = (
					"$(inherited)",
					"@executable_path/Frameworks",
				);
				MARKETING_VERSION = 1.0;
				PRODUCT_BUNDLE_IDENTIFIER = ahmed.Test;
				PRODUCT_NAME = "$(TARGET_NAME)";
				SWIFT_EMIT_LOC_STRINGS = YES;
				SWIFT_VERSION = 5.0;
				TARGETED_DEVICE_FAMILY = "1,2";
			};
			name = Debug;
		};
		04C12DDD2DD6DD1600A0E0AC /* Release */ = {
			isa = XCBuildConfiguration;
			buildSettings = {
				ASSETCATALOG_COMPILER_APPICON_NAME = AppIcon;
				ASSETCATALOG_COMPILER_GLOBAL_ACCENT_COLOR_NAME = AccentColor;
				CODE_SIGN_STYLE = Automatic;
				CURRENT_PROJECT_VERSION = 1;
				GENERATE_INFOPLIST_FILE = YES;
				INFOPLIST_FILE = Test/Info.plist;
				INFOPLIST_KEY_UIApplicationSupportsIndirectInputEvents = YES;
				INFOPLIST_KEY_UILaunchStoryboardName = LaunchScreen;
				INFOPLIST_KEY_UIMainStoryboardFile = Main;
				INFOPLIST_KEY_UISupportedInterfaceOrientations_iPad = "UIInterfaceOrientationPortrait UIInterfaceOrientationPortraitUpsideDown UIInterfaceOrientationLandscapeLeft UIInterfaceOrientationLandscapeRight";
				INFOPLIST_KEY_UISupportedInterfaceOrientations_iPhone = "UIInterfaceOrientationPortrait UIInterfaceOrientationLandscapeLeft UIInterfaceOrientationLandscapeRight";
				LD_RUNPATH_SEARCH_PATHS = (
					"$(inherited)",
					"@executable_path/Frameworks",
				);
				MARKETING_VERSION = 1.0;
				PRODUCT_BUNDLE_IDENTIFIER = ahmed.Test;
				PRODUCT_NAME = "$(TARGET_NAME)";
				SWIFT_EMIT_LOC_STRINGS = YES;
				SWIFT_VERSION = 5.0;
				TARGETED_DEVICE_FAMILY = "1,2";
			};
			name = Release;
		};
		04C12DDF2DD6DD1600A0E0AC /* Debug */ = {
			isa = XCBuildConfiguration;
			buildSettings = {
				ALWAYS_EMBED_SWIFT_STANDARD_LIBRARIES = YES;
				BUNDLE_LOADER = "$(TEST_HOST)";
				CODE_SIGN_STYLE = Automatic;
				CURRENT_PROJECT_VERSION = 1;
				GENERATE_INFOPLIST_FILE = YES;
				IPHONEOS_DEPLOYMENT_TARGET = 16.1;
				MARKETING_VERSION = 1.0;
				PRODUCT_BUNDLE_IDENTIFIER = ahmed.TestTests;
				PRODUCT_NAME = "$(TARGET_NAME)";
				SWIFT_EMIT_LOC_STRINGS = NO;
				SWIFT_VERSION = 5.0;
				TARGETED_DEVICE_FAMILY = "1,2";
				TEST_HOST = "$(BUILT_PRODUCTS_DIR)/Test.app/$(BUNDLE_EXECUTABLE_FOLDER_PATH)/Test";
			};
			name = Debug;
		};
		04C12DE02DD6DD1600A0E0AC /* Release */ = {
			isa = XCBuildConfiguration;
			buildSettings = {
				ALWAYS_EMBED_SWIFT_STANDARD_LIBRARIES = YES;
				BUNDLE_LOADER = "$(TEST_HOST)";
				CODE_SIGN_STYLE = Automatic;
				CURRENT_PROJECT_VERSION = 1;
				GENERATE_INFOPLIST_FILE = YES;
				IPHONEOS_DEPLOYMENT_TARGET = 16.1;
				MARKETING_VERSION = 1.0;
				PRODUCT_BUNDLE_IDENTIFIER = ahmed.TestTests;
				PRODUCT_NAME = "$(TARGET_NAME)";
				SWIFT_EMIT_LOC_STRINGS = NO;
				SWIFT_VERSION = 5.0;
				TARGETED_DEVICE_FAMILY = "1,2";
				TEST_HOST = "$(BUILT_PRODUCTS_DIR)/Test.app/$(BUNDLE_EXECUTABLE_FOLDER_PATH)/Test";
			};
			name = Release;
		};
		04C12DE22DD6DD1600A0E0AC /* Debug */ = {
			isa = XCBuildConfiguration;
			buildSettings = {
				ALWAYS_EMBED_SWIFT_STANDARD_LIBRARIES = YES;
				CODE_SIGN_STYLE = Automatic;
				CURRENT_PROJECT_VERSION = 1;
				GENERATE_INFOPLIST_FILE = YES;
				MARKETING_VERSION = 1.0;
				PRODUCT_BUNDLE_IDENTIFIER = ahmed.TestUITests;
				PRODUCT_NAME = "$(TARGET_NAME)";
				SWIFT_EMIT_LOC_STRINGS = NO;
				SWIFT_VERSION = 5.0;
				TARGETED_DEVICE_FAMILY = "1,2";
				TEST_TARGET_NAME = Test;
			};
			name = Debug;
		};
		04C12DE32DD6DD1600A0E0AC /* Release */ = {
			isa = XCBuildConfiguration;
			buildSettings = {
				ALWAYS_EMBED_SWIFT_STANDARD_LIBRARIES = YES;
				CODE_SIGN_STYLE = Automatic;
				CURRENT_PROJECT_VERSION = 1;
				GENERATE_INFOPLIST_FILE = YES;
				MARKETING_VERSION = 1.0;
				PRODUCT_BUNDLE_IDENTIFIER = ahmed.TestUITests;
				PRODUCT_NAME = "$(TARGET_NAME)";
				SWIFT_EMIT_LOC_STRINGS = NO;
				SWIFT_VERSION = 5.0;
				TARGETED_DEVICE_FAMILY = "1,2";
				TEST_TARGET_NAME = Test;
			};
			name = Release;
		};
/* End XCBuildConfiguration section */

/* Begin XCConfigurationList section */
		04C12DA92DD6DD1300A0E0AC /* Build configuration list for PBXProject "Test" */ = {
			isa = XCConfigurationList;
			buildConfigurations = (
				04C12DD92DD6DD1600A0E0AC /* Debug */,
				04C12DDA2DD6DD1600A0E0AC /* Release */,
			);
			defaultConfigurationIsVisible = 0;
			defaultConfigurationName = Release;
		};
		04C12DDB2DD6DD1600A0E0AC /* Build configuration list for PBXNativeTarget "Test" */ = {
			isa = XCConfigurationList;
			buildConfigurations = (
				04C12DDC2DD6DD1600A0E0AC /* Debug */,
				04C12DDD2DD6DD1600A0E0AC /* Release */,
			);
			defaultConfigurationIsVisible = 0;
			defaultConfigurationName = Release;
		};
		04C12DDE2DD6DD1600A0E0AC /* Build configuration list for PBXNativeTarget "TestTests" */ = {
			isa = XCConfigurationList;
			buildConfigurations = (
				04C12DDF2DD6DD1600A0E0AC /* Debug */,
				04C12DE02DD6DD1600A0E0AC /* Release */,
			);
			defaultConfigurationIsVisible = 0;
			defaultConfigurationName = Release;
		};
		04C12DE12DD6DD1600A0E0AC /* Build configuration list for PBXNativeTarget "TestUITests" */ = {
			isa = XCConfigurationList;
			buildConfigurations = (
				04C12DE22DD6DD1600A0E0AC /* Debug */,
				04C12DE32DD6DD1600A0E0AC /* Release */,
			);
			defaultConfigurationIsVisible = 0;
			defaultConfigurationName = Release;
		};
/* End XCConfigurationList section */

/* Begin XCVersionGroup section */
		04C12DBA2DD6DD1300A0E0AC /* Test.xcdatamodeld */ = {
			isa = XCVersionGroup;
			children = (
				04C12DBB2DD6DD1300A0E0AC /* Test.xcdatamodel */,
			);
			currentVersion = 04C12DBB2DD6DD1300A0E0AC /* Test.xcdatamodel */;
			path = Test.xcdatamodeld;
			sourceTree = "<group>";
			versionGroupType = wrapper.xcdatamodel;
		};
/* End XCVersionGroup section */
	};
	rootObject = 04C12DA62DD6DD1300A0E0AC /* Project object */;
}
